// !$*UTF8*$!
{
	archiveVersion = 1;
	classes = {
	};
	objectVersion = 46;
	objects = {

/* Begin PBXBuildFile section */
		6042BD021D90EF470094FE31 /* FBSDKCoreKit.framework in Frameworks */ = {isa = PBXBuildFile; fileRef = 6042BCFF1D90EF470094FE31 /* FBSDKCoreKit.framework */; };
		6042BD031D90EF470094FE31 /* FBSDKLoginKit.framework in Frameworks */ = {isa = PBXBuildFile; fileRef = 6042BD001D90EF470094FE31 /* FBSDKLoginKit.framework */; };
		6042BD041D90EF470094FE31 /* FBSDKShareKit.framework in Frameworks */ = {isa = PBXBuildFile; fileRef = 6042BD011D90EF470094FE31 /* FBSDKShareKit.framework */; };
		6042BD091D913B2D0094FE31 /* BaseView.m in Sources */ = {isa = PBXBuildFile; fileRef = 6042BD061D913B2D0094FE31 /* BaseView.m */; };
		6042BD0A1D913B2D0094FE31 /* BaseViewController.m in Sources */ = {isa = PBXBuildFile; fileRef = 6042BD081D913B2D0094FE31 /* BaseViewController.m */; };
		6042BD0F1D913BB20094FE31 /* FBViewController.m in Sources */ = {isa = PBXBuildFile; fileRef = 6042BD0E1D913BB20094FE31 /* FBViewController.m */; };
		6042BD131D913DAB0094FE31 /* FBView.m in Sources */ = {isa = PBXBuildFile; fileRef = 6042BD121D913DAB0094FE31 /* FBView.m */; };
		608EDE691D8FA0F100749378 /* main.m in Sources */ = {isa = PBXBuildFile; fileRef = 608EDE681D8FA0F100749378 /* main.m */; };
		608EDE6C1D8FA0F100749378 /* AppDelegate.m in Sources */ = {isa = PBXBuildFile; fileRef = 608EDE6B1D8FA0F100749378 /* AppDelegate.m */; };
		608EDE751D8FA0F100749378 /* CocoaPods.xcdatamodeld in Sources */ = {isa = PBXBuildFile; fileRef = 608EDE731D8FA0F100749378 /* CocoaPods.xcdatamodeld */; };
		608EDE771D8FA0F100749378 /* Assets.xcassets in Resources */ = {isa = PBXBuildFile; fileRef = 608EDE761D8FA0F100749378 /* Assets.xcassets */; };
		608EDE851D8FA0F100749378 /* CocoaPodsTests.m in Sources */ = {isa = PBXBuildFile; fileRef = 608EDE841D8FA0F100749378 /* CocoaPodsTests.m */; };
		608EDE901D8FA0F100749378 /* CocoaPodsUITests.m in Sources */ = {isa = PBXBuildFile; fileRef = 608EDE8F1D8FA0F100749378 /* CocoaPodsUITests.m */; };
		616D88A1390D8DDAC8970C45 /* libPods-CocoaPods.a in Frameworks */ = {isa = PBXBuildFile; fileRef = 51A46F2FC24C269524F683C3 /* libPods-CocoaPods.a */; };
		7C1DC6A4BAE6CE98D8308D25 /* libPods-CocoaPodsTests.a in Frameworks */ = {isa = PBXBuildFile; fileRef = 9968B3FF41574572A05C142D /* libPods-CocoaPodsTests.a */; };
		8465F75560BBD68EC323166C /* libPods-CocoaPodsUITests.a in Frameworks */ = {isa = PBXBuildFile; fileRef = 24EA0208FB6105391476B813 /* libPods-CocoaPodsUITests.a */; };
/* End PBXBuildFile section */

/* Begin PBXContainerItemProxy section */
		608EDE811D8FA0F100749378 /* PBXContainerItemProxy */ = {
			isa = PBXContainerItemProxy;
			containerPortal = 608EDE5C1D8FA0F100749378 /* Project object */;
			proxyType = 1;
			remoteGlobalIDString = 608EDE631D8FA0F100749378;
			remoteInfo = CocoaPods;
		};
		608EDE8C1D8FA0F100749378 /* PBXContainerItemProxy */ = {
			isa = PBXContainerItemProxy;
			containerPortal = 608EDE5C1D8FA0F100749378 /* Project object */;
			proxyType = 1;
			remoteGlobalIDString = 608EDE631D8FA0F100749378;
			remoteInfo = CocoaPods;
		};
/* End PBXContainerItemProxy section */

/* Begin PBXFileReference section */
		077987B555038895B3005FFA /* Pods-CocoaPods.debug.xcconfig */ = {isa = PBXFileReference; includeInIndex = 1; lastKnownFileType = text.xcconfig; name = "Pods-CocoaPods.debug.xcconfig"; path = "../Pods/Target Support Files/Pods-CocoaPods/Pods-CocoaPods.debug.xcconfig"; sourceTree = "<group>"; };
		24EA0208FB6105391476B813 /* libPods-CocoaPodsUITests.a */ = {isa = PBXFileReference; explicitFileType = archive.ar; includeInIndex = 0; path = "libPods-CocoaPodsUITests.a"; sourceTree = BUILT_PRODUCTS_DIR; };
		51A46F2FC24C269524F683C3 /* libPods-CocoaPods.a */ = {isa = PBXFileReference; explicitFileType = archive.ar; includeInIndex = 0; path = "libPods-CocoaPods.a"; sourceTree = BUILT_PRODUCTS_DIR; };
		56D45892214701CFA4EA654E /* Pods-CocoaPodsTests.debug.xcconfig */ = {isa = PBXFileReference; includeInIndex = 1; lastKnownFileType = text.xcconfig; name = "Pods-CocoaPodsTests.debug.xcconfig"; path = "../Pods/Target Support Files/Pods-CocoaPodsTests/Pods-CocoaPodsTests.debug.xcconfig"; sourceTree = "<group>"; };
		6042BCFF1D90EF470094FE31 /* FBSDKCoreKit.framework */ = {isa = PBXFileReference; lastKnownFileType = wrapper.framework; name = FBSDKCoreKit.framework; path = ../../../FacebookSDK/FBSDKCoreKit.framework; sourceTree = "<group>"; };
		6042BD001D90EF470094FE31 /* FBSDKLoginKit.framework */ = {isa = PBXFileReference; lastKnownFileType = wrapper.framework; name = FBSDKLoginKit.framework; path = ../../../FacebookSDK/FBSDKLoginKit.framework; sourceTree = "<group>"; };
		6042BD011D90EF470094FE31 /* FBSDKShareKit.framework */ = {isa = PBXFileReference; lastKnownFileType = wrapper.framework; name = FBSDKShareKit.framework; path = ../../../FacebookSDK/FBSDKShareKit.framework; sourceTree = "<group>"; };
		6042BD051D913B2D0094FE31 /* BaseView.h */ = {isa = PBXFileReference; fileEncoding = 4; lastKnownFileType = sourcecode.c.h; path = BaseView.h; sourceTree = "<group>"; };
		6042BD061D913B2D0094FE31 /* BaseView.m */ = {isa = PBXFileReference; fileEncoding = 4; lastKnownFileType = sourcecode.c.objc; path = BaseView.m; sourceTree = "<group>"; };
		6042BD071D913B2D0094FE31 /* BaseViewController.h */ = {isa = PBXFileReference; fileEncoding = 4; lastKnownFileType = sourcecode.c.h; path = BaseViewController.h; sourceTree = "<group>"; };
		6042BD081D913B2D0094FE31 /* BaseViewController.m */ = {isa = PBXFileReference; fileEncoding = 4; lastKnownFileType = sourcecode.c.objc; path = BaseViewController.m; sourceTree = "<group>"; };
		6042BD0D1D913BB20094FE31 /* FBViewController.h */ = {isa = PBXFileReference; fileEncoding = 4; lastKnownFileType = sourcecode.c.h; name = FBViewController.h; path = ../../CocoaPods/CocoaPods/FBViewController.h; sourceTree = "<group>"; };
		6042BD0E1D913BB20094FE31 /* FBViewController.m */ = {isa = PBXFileReference; fileEncoding = 4; lastKnownFileType = sourcecode.c.objc; name = FBViewController.m; path = ../../CocoaPods/CocoaPods/FBViewController.m; sourceTree = "<group>"; };
		6042BD111D913DAB0094FE31 /* FBView.h */ = {isa = PBXFileReference; fileEncoding = 4; lastKnownFileType = sourcecode.c.h; name = FBView.h; path = ../../CocoaPods/CocoaPods/FBView.h; sourceTree = "<group>"; };
		6042BD121D913DAB0094FE31 /* FBView.m */ = {isa = PBXFileReference; fileEncoding = 4; lastKnownFileType = sourcecode.c.objc; name = FBView.m; path = ../../CocoaPods/CocoaPods/FBView.m; sourceTree = "<group>"; };
		608EDE641D8FA0F100749378 /* CocoaPods.app */ = {isa = PBXFileReference; explicitFileType = wrapper.application; includeInIndex = 0; path = CocoaPods.app; sourceTree = BUILT_PRODUCTS_DIR; };
		608EDE681D8FA0F100749378 /* main.m */ = {isa = PBXFileReference; lastKnownFileType = sourcecode.c.objc; path = main.m; sourceTree = "<group>"; };
		608EDE6A1D8FA0F100749378 /* AppDelegate.h */ = {isa = PBXFileReference; lastKnownFileType = sourcecode.c.h; path = AppDelegate.h; sourceTree = "<group>"; };
		608EDE6B1D8FA0F100749378 /* AppDelegate.m */ = {isa = PBXFileReference; lastKnownFileType = sourcecode.c.objc; path = AppDelegate.m; sourceTree = "<group>"; };
		608EDE741D8FA0F100749378 /* CocoaPods.xcdatamodel */ = {isa = PBXFileReference; lastKnownFileType = wrapper.xcdatamodel; path = CocoaPods.xcdatamodel; sourceTree = "<group>"; };
		608EDE761D8FA0F100749378 /* Assets.xcassets */ = {isa = PBXFileReference; lastKnownFileType = folder.assetcatalog; path = Assets.xcassets; sourceTree = "<group>"; };
		608EDE7B1D8FA0F100749378 /* Info.plist */ = {isa = PBXFileReference; lastKnownFileType = text.plist.xml; path = Info.plist; sourceTree = "<group>"; };
		608EDE801D8FA0F100749378 /* CocoaPodsTests.xctest */ = {isa = PBXFileReference; explicitFileType = wrapper.cfbundle; includeInIndex = 0; path = CocoaPodsTests.xctest; sourceTree = BUILT_PRODUCTS_DIR; };
		608EDE841D8FA0F100749378 /* CocoaPodsTests.m */ = {isa = PBXFileReference; lastKnownFileType = sourcecode.c.objc; path = CocoaPodsTests.m; sourceTree = "<group>"; };
		608EDE861D8FA0F100749378 /* Info.plist */ = {isa = PBXFileReference; lastKnownFileType = text.plist.xml; path = Info.plist; sourceTree = "<group>"; };
		608EDE8B1D8FA0F100749378 /* CocoaPodsUITests.xctest */ = {isa = PBXFileReference; explicitFileType = wrapper.cfbundle; includeInIndex = 0; path = CocoaPodsUITests.xctest; sourceTree = BUILT_PRODUCTS_DIR; };
		608EDE8F1D8FA0F100749378 /* CocoaPodsUITests.m */ = {isa = PBXFileReference; lastKnownFileType = sourcecode.c.objc; path = CocoaPodsUITests.m; sourceTree = "<group>"; };
		608EDE911D8FA0F100749378 /* Info.plist */ = {isa = PBXFileReference; lastKnownFileType = text.plist.xml; path = Info.plist; sourceTree = "<group>"; };
		71CA3F837C08BFB6997A71EE /* Pods-CocoaPods.release.xcconfig */ = {isa = PBXFileReference; includeInIndex = 1; lastKnownFileType = text.xcconfig; name = "Pods-CocoaPods.release.xcconfig"; path = "../Pods/Target Support Files/Pods-CocoaPods/Pods-CocoaPods.release.xcconfig"; sourceTree = "<group>"; };
		9968B3FF41574572A05C142D /* libPods-CocoaPodsTests.a */ = {isa = PBXFileReference; explicitFileType = archive.ar; includeInIndex = 0; path = "libPods-CocoaPodsTests.a"; sourceTree = BUILT_PRODUCTS_DIR; };
		997100CD16E4EE6784B34952 /* Pods-CocoaPodsUITests.debug.xcconfig */ = {isa = PBXFileReference; includeInIndex = 1; lastKnownFileType = text.xcconfig; name = "Pods-CocoaPodsUITests.debug.xcconfig"; path = "../Pods/Target Support Files/Pods-CocoaPodsUITests/Pods-CocoaPodsUITests.debug.xcconfig"; sourceTree = "<group>"; };
		DA8539FF5379F79A7F14B724 /* Pods-CocoaPodsTests.release.xcconfig */ = {isa = PBXFileReference; includeInIndex = 1; lastKnownFileType = text.xcconfig; name = "Pods-CocoaPodsTests.release.xcconfig"; path = "../Pods/Target Support Files/Pods-CocoaPodsTests/Pods-CocoaPodsTests.release.xcconfig"; sourceTree = "<group>"; };
		FA74262F6FC43244397251EF /* Pods-CocoaPodsUITests.release.xcconfig */ = {isa = PBXFileReference; includeInIndex = 1; lastKnownFileType = text.xcconfig; name = "Pods-CocoaPodsUITests.release.xcconfig"; path = "../Pods/Target Support Files/Pods-CocoaPodsUITests/Pods-CocoaPodsUITests.release.xcconfig"; sourceTree = "<group>"; };
/* End PBXFileReference section */

/* Begin PBXFrameworksBuildPhase section */
		608EDE611D8FA0F100749378 /* Frameworks */ = {
			isa = PBXFrameworksBuildPhase;
			buildActionMask = 2147483647;
			files = (
				6042BD041D90EF470094FE31 /* FBSDKShareKit.framework in Frameworks */,
				616D88A1390D8DDAC8970C45 /* libPods-CocoaPods.a in Frameworks */,
				6042BD021D90EF470094FE31 /* FBSDKCoreKit.framework in Frameworks */,
				6042BD031D90EF470094FE31 /* FBSDKLoginKit.framework in Frameworks */,
			);
			runOnlyForDeploymentPostprocessing = 0;
		};
		608EDE7D1D8FA0F100749378 /* Frameworks */ = {
			isa = PBXFrameworksBuildPhase;
			buildActionMask = 2147483647;
			files = (
				7C1DC6A4BAE6CE98D8308D25 /* libPods-CocoaPodsTests.a in Frameworks */,
			);
			runOnlyForDeploymentPostprocessing = 0;
		};
		608EDE881D8FA0F100749378 /* Frameworks */ = {
			isa = PBXFrameworksBuildPhase;
			buildActionMask = 2147483647;
			files = (
				8465F75560BBD68EC323166C /* libPods-CocoaPodsUITests.a in Frameworks */,
			);
			runOnlyForDeploymentPostprocessing = 0;
		};
/* End PBXFrameworksBuildPhase section */

/* Begin PBXGroup section */
		060FE872C43751144CAC12A4 /* Frameworks */ = {
			isa = PBXGroup;
			children = (
				6042BCFF1D90EF470094FE31 /* FBSDKCoreKit.framework */,
				6042BD001D90EF470094FE31 /* FBSDKLoginKit.framework */,
				6042BD011D90EF470094FE31 /* FBSDKShareKit.framework */,
				51A46F2FC24C269524F683C3 /* libPods-CocoaPods.a */,
				9968B3FF41574572A05C142D /* libPods-CocoaPodsTests.a */,
				24EA0208FB6105391476B813 /* libPods-CocoaPodsUITests.a */,
			);
			name = Frameworks;
			sourceTree = "<group>";
		};
		6042BD0B1D913B430094FE31 /* BaseView */ = {
			isa = PBXGroup;
			children = (
				6042BD081D913B2D0094FE31 /* BaseViewController.m */,
				6042BD071D913B2D0094FE31 /* BaseViewController.h */,
				6042BD051D913B2D0094FE31 /* BaseView.h */,
				6042BD061D913B2D0094FE31 /* BaseView.m */,
			);
			name = BaseView;
			sourceTree = "<group>";
		};
		6042BD0C1D913B710094FE31 /* FBView */ = {
			isa = PBXGroup;
			children = (
				6042BD111D913DAB0094FE31 /* FBView.h */,
				6042BD121D913DAB0094FE31 /* FBView.m */,
				6042BD0D1D913BB20094FE31 /* FBViewController.h */,
				6042BD0E1D913BB20094FE31 /* FBViewController.m */,
			);
			name = FBView;
			sourceTree = "<group>";
		};
		6042BD101D913D7B0094FE31 /* AppDelegate */ = {
			isa = PBXGroup;
			children = (
				608EDE6A1D8FA0F100749378 /* AppDelegate.h */,
				608EDE6B1D8FA0F100749378 /* AppDelegate.m */,
			);
			name = AppDelegate;
			sourceTree = "<group>";
		};
		608EDE5B1D8FA0F100749378 = {
			isa = PBXGroup;
			children = (
				608EDE661D8FA0F100749378 /* CocoaPods */,
				608EDE831D8FA0F100749378 /* CocoaPodsTests */,
				608EDE8E1D8FA0F100749378 /* CocoaPodsUITests */,
				608EDE651D8FA0F100749378 /* Products */,
				7D9A6B7C67517BDC92AC5FA8 /* Pods */,
				060FE872C43751144CAC12A4 /* Frameworks */,
			);
			sourceTree = "<group>";
		};
		608EDE651D8FA0F100749378 /* Products */ = {
			isa = PBXGroup;
			children = (
				608EDE641D8FA0F100749378 /* CocoaPods.app */,
				608EDE801D8FA0F100749378 /* CocoaPodsTests.xctest */,
				608EDE8B1D8FA0F100749378 /* CocoaPodsUITests.xctest */,
			);
			name = Products;
			sourceTree = "<group>";
		};
		608EDE661D8FA0F100749378 /* CocoaPods */ = {
			isa = PBXGroup;
			children = (
				6042BD101D913D7B0094FE31 /* AppDelegate */,
				6042BD0B1D913B430094FE31 /* BaseView */,
				6042BD0C1D913B710094FE31 /* FBView */,
				608EDE761D8FA0F100749378 /* Assets.xcassets */,
				608EDE7B1D8FA0F100749378 /* Info.plist */,
				608EDE731D8FA0F100749378 /* CocoaPods.xcdatamodeld */,
				608EDE671D8FA0F100749378 /* Supporting Files */,
			);
			path = CocoaPods;
			sourceTree = "<group>";
		};
		608EDE671D8FA0F100749378 /* Supporting Files */ = {
			isa = PBXGroup;
			children = (
				608EDE681D8FA0F100749378 /* main.m */,
			);
			name = "Supporting Files";
			sourceTree = "<group>";
		};
		608EDE831D8FA0F100749378 /* CocoaPodsTests */ = {
			isa = PBXGroup;
			children = (
				608EDE841D8FA0F100749378 /* CocoaPodsTests.m */,
				608EDE861D8FA0F100749378 /* Info.plist */,
			);
			path = CocoaPodsTests;
			sourceTree = "<group>";
		};
		608EDE8E1D8FA0F100749378 /* CocoaPodsUITests */ = {
			isa = PBXGroup;
			children = (
				608EDE8F1D8FA0F100749378 /* CocoaPodsUITests.m */,
				608EDE911D8FA0F100749378 /* Info.plist */,
			);
			path = CocoaPodsUITests;
			sourceTree = "<group>";
		};
		7D9A6B7C67517BDC92AC5FA8 /* Pods */ = {
			isa = PBXGroup;
			children = (
				077987B555038895B3005FFA /* Pods-CocoaPods.debug.xcconfig */,
				71CA3F837C08BFB6997A71EE /* Pods-CocoaPods.release.xcconfig */,
				56D45892214701CFA4EA654E /* Pods-CocoaPodsTests.debug.xcconfig */,
				DA8539FF5379F79A7F14B724 /* Pods-CocoaPodsTests.release.xcconfig */,
				997100CD16E4EE6784B34952 /* Pods-CocoaPodsUITests.debug.xcconfig */,
				FA74262F6FC43244397251EF /* Pods-CocoaPodsUITests.release.xcconfig */,
			);
			name = Pods;
			sourceTree = "<group>";
		};
/* End PBXGroup section */

/* Begin PBXNativeTarget section */
		608EDE631D8FA0F100749378 /* CocoaPods */ = {
			isa = PBXNativeTarget;
			buildConfigurationList = 608EDE941D8FA0F100749378 /* Build configuration list for PBXNativeTarget "CocoaPods" */;
			buildPhases = (
				61943B9574DD30D22D6A3222 /* [CP] Check Pods Manifest.lock */,
				608EDE601D8FA0F100749378 /* Sources */,
				608EDE611D8FA0F100749378 /* Frameworks */,
				608EDE621D8FA0F100749378 /* Resources */,
				A7464937741706CC1458BC75 /* [CP] Embed Pods Frameworks */,
				934F4D47EE70A6FBBBC5DD9F /* [CP] Copy Pods Resources */,
			);
			buildRules = (
			);
			dependencies = (
			);
			name = CocoaPods;
			productName = CocoaPods;
			productReference = 608EDE641D8FA0F100749378 /* CocoaPods.app */;
			productType = "com.apple.product-type.application";
		};
		608EDE7F1D8FA0F100749378 /* CocoaPodsTests */ = {
			isa = PBXNativeTarget;
			buildConfigurationList = 608EDE971D8FA0F100749378 /* Build configuration list for PBXNativeTarget "CocoaPodsTests" */;
			buildPhases = (
				A4AC785BB1F6F0D7E500FA41 /* [CP] Check Pods Manifest.lock */,
				608EDE7C1D8FA0F100749378 /* Sources */,
				608EDE7D1D8FA0F100749378 /* Frameworks */,
				608EDE7E1D8FA0F100749378 /* Resources */,
				EBF998B38C3BA6F6D216D69F /* [CP] Embed Pods Frameworks */,
				9BC2FB3CA5DD89EE3966F9DA /* [CP] Copy Pods Resources */,
			);
			buildRules = (
			);
			dependencies = (
				608EDE821D8FA0F100749378 /* PBXTargetDependency */,
			);
			name = CocoaPodsTests;
			productName = CocoaPodsTests;
			productReference = 608EDE801D8FA0F100749378 /* CocoaPodsTests.xctest */;
			productType = "com.apple.product-type.bundle.unit-test";
		};
		608EDE8A1D8FA0F100749378 /* CocoaPodsUITests */ = {
			isa = PBXNativeTarget;
			buildConfigurationList = 608EDE9A1D8FA0F100749378 /* Build configuration list for PBXNativeTarget "CocoaPodsUITests" */;
			buildPhases = (
				0EE4F6D6ACD14F480F5A7AB9 /* [CP] Check Pods Manifest.lock */,
				608EDE871D8FA0F100749378 /* Sources */,
				608EDE881D8FA0F100749378 /* Frameworks */,
				608EDE891D8FA0F100749378 /* Resources */,
				C02EBB67BFD44A5880C02280 /* [CP] Copy Pods Resources */,
			);
			buildRules = (
			);
			dependencies = (
				608EDE8D1D8FA0F100749378 /* PBXTargetDependency */,
			);
			name = CocoaPodsUITests;
			productName = CocoaPodsUITests;
			productReference = 608EDE8B1D8FA0F100749378 /* CocoaPodsUITests.xctest */;
			productType = "com.apple.product-type.bundle.ui-testing";
		};
/* End PBXNativeTarget section */

/* Begin PBXProject section */
		608EDE5C1D8FA0F100749378 /* Project object */ = {
			isa = PBXProject;
			attributes = {
				LastUpgradeCheck = 0730;
				ORGANIZATIONNAME = LLDM;
				TargetAttributes = {
					608EDE631D8FA0F100749378 = {
						CreatedOnToolsVersion = 7.3.1;
					};
					608EDE7F1D8FA0F100749378 = {
						CreatedOnToolsVersion = 7.3.1;
						TestTargetID = 608EDE631D8FA0F100749378;
					};
					608EDE8A1D8FA0F100749378 = {
						CreatedOnToolsVersion = 7.3.1;
						TestTargetID = 608EDE631D8FA0F100749378;
					};
				};
			};
			buildConfigurationList = 608EDE5F1D8FA0F100749378 /* Build configuration list for PBXProject "cocoapods" */;
			compatibilityVersion = "Xcode 3.2";
			developmentRegion = English;
			hasScannedForEncodings = 0;
			knownRegions = (
				en,
				Base,
			);
			mainGroup = 608EDE5B1D8FA0F100749378;
			productRefGroup = 608EDE651D8FA0F100749378 /* Products */;
			projectDirPath = "";
			projectRoot = "";
			targets = (
				608EDE631D8FA0F100749378 /* CocoaPods */,
				608EDE7F1D8FA0F100749378 /* CocoaPodsTests */,
				608EDE8A1D8FA0F100749378 /* CocoaPodsUITests */,
			);
		};
/* End PBXProject section */

/* Begin PBXResourcesBuildPhase section */
		608EDE621D8FA0F100749378 /* Resources */ = {
			isa = PBXResourcesBuildPhase;
			buildActionMask = 2147483647;
			files = (
				608EDE771D8FA0F100749378 /* Assets.xcassets in Resources */,
			);
			runOnlyForDeploymentPostprocessing = 0;
		};
		608EDE7E1D8FA0F100749378 /* Resources */ = {
			isa = PBXResourcesBuildPhase;
			buildActionMask = 2147483647;
			files = (
			);
			runOnlyForDeploymentPostprocessing = 0;
		};
		608EDE891D8FA0F100749378 /* Resources */ = {
			isa = PBXResourcesBuildPhase;
			buildActionMask = 2147483647;
			files = (
			);
			runOnlyForDeploymentPostprocessing = 0;
		};
/* End PBXResourcesBuildPhase section */

/* Begin PBXShellScriptBuildPhase section */
		0EE4F6D6ACD14F480F5A7AB9 /* [CP] Check Pods Manifest.lock */ = {
			isa = PBXShellScriptBuildPhase;
			buildActionMask = 2147483647;
			files = (
			);
			inputPaths = (
			);
			name = "[CP] Check Pods Manifest.lock";
			outputPaths = (
			);
			runOnlyForDeploymentPostprocessing = 0;
			shellPath = /bin/sh;
			shellScript = "diff \"${PODS_ROOT}/../Podfile.lock\" \"${PODS_ROOT}/Manifest.lock\" > /dev/null\nif [[ $? != 0 ]] ; then\n    cat << EOM\nerror: The sandbox is not in sync with the Podfile.lock. Run 'pod install' or update your CocoaPods installation.\nEOM\n    exit 1\nfi\n";
			showEnvVarsInLog = 0;
		};
		61943B9574DD30D22D6A3222 /* [CP] Check Pods Manifest.lock */ = {
			isa = PBXShellScriptBuildPhase;
			buildActionMask = 2147483647;
			files = (
			);
			inputPaths = (
			);
			name = "[CP] Check Pods Manifest.lock";
			outputPaths = (
			);
			runOnlyForDeploymentPostprocessing = 0;
			shellPath = /bin/sh;
			shellScript = "diff \"${PODS_ROOT}/../Podfile.lock\" \"${PODS_ROOT}/Manifest.lock\" > /dev/null\nif [[ $? != 0 ]] ; then\n    cat << EOM\nerror: The sandbox is not in sync with the Podfile.lock. Run 'pod install' or update your CocoaPods installation.\nEOM\n    exit 1\nfi\n";
			showEnvVarsInLog = 0;
		};
		934F4D47EE70A6FBBBC5DD9F /* [CP] Copy Pods Resources */ = {
			isa = PBXShellScriptBuildPhase;
			buildActionMask = 2147483647;
			files = (
			);
			inputPaths = (
			);
			name = "[CP] Copy Pods Resources";
			outputPaths = (
			);
			runOnlyForDeploymentPostprocessing = 0;
			shellPath = /bin/sh;
			shellScript = "\"${SRCROOT}/../Pods/Target Support Files/Pods-CocoaPods/Pods-CocoaPods-resources.sh\"\n";
			showEnvVarsInLog = 0;
		};
		9BC2FB3CA5DD89EE3966F9DA /* [CP] Copy Pods Resources */ = {
			isa = PBXShellScriptBuildPhase;
			buildActionMask = 2147483647;
			files = (
			);
			inputPaths = (
			);
			name = "[CP] Copy Pods Resources";
			outputPaths = (
			);
			runOnlyForDeploymentPostprocessing = 0;
			shellPath = /bin/sh;
			shellScript = "\"${SRCROOT}/../Pods/Target Support Files/Pods-CocoaPodsTests/Pods-CocoaPodsTests-resources.sh\"\n";
			showEnvVarsInLog = 0;
		};
		A4AC785BB1F6F0D7E500FA41 /* [CP] Check Pods Manifest.lock */ = {
			isa = PBXShellScriptBuildPhase;
			buildActionMask = 2147483647;
			files = (
			);
			inputPaths = (
			);
			name = "[CP] Check Pods Manifest.lock";
			outputPaths = (
			);
			runOnlyForDeploymentPostprocessing = 0;
			shellPath = /bin/sh;
			shellScript = "diff \"${PODS_ROOT}/../Podfile.lock\" \"${PODS_ROOT}/Manifest.lock\" > /dev/null\nif [[ $? != 0 ]] ; then\n    cat << EOM\nerror: The sandbox is not in sync with the Podfile.lock. Run 'pod install' or update your CocoaPods installation.\nEOM\n    exit 1\nfi\n";
			showEnvVarsInLog = 0;
		};
		A7464937741706CC1458BC75 /* [CP] Embed Pods Frameworks */ = {
			isa = PBXShellScriptBuildPhase;
			buildActionMask = 2147483647;
			files = (
			);
			inputPaths = (
			);
			name = "[CP] Embed Pods Frameworks";
			outputPaths = (
			);
			runOnlyForDeploymentPostprocessing = 0;
			shellPath = /bin/sh;
			shellScript = "\"${SRCROOT}/../Pods/Target Support Files/Pods-CocoaPods/Pods-CocoaPods-frameworks.sh\"\n";
			showEnvVarsInLog = 0;
		};
		C02EBB67BFD44A5880C02280 /* [CP] Copy Pods Resources */ = {
			isa = PBXShellScriptBuildPhase;
			buildActionMask = 2147483647;
			files = (
			);
			inputPaths = (
			);
			name = "[CP] Copy Pods Resources";
			outputPaths = (
			);
			runOnlyForDeploymentPostprocessing = 0;
			shellPath = /bin/sh;
			shellScript = "\"${SRCROOT}/../Pods/Target Support Files/Pods-CocoaPodsUITests/Pods-CocoaPodsUITests-resources.sh\"\n";
			showEnvVarsInLog = 0;
		};
		EBF998B38C3BA6F6D216D69F /* [CP] Embed Pods Frameworks */ = {
			isa = PBXShellScriptBuildPhase;
			buildActionMask = 2147483647;
			files = (
			);
			inputPaths = (
			);
			name = "[CP] Embed Pods Frameworks";
			outputPaths = (
			);
			runOnlyForDeploymentPostprocessing = 0;
			shellPath = /bin/sh;
			shellScript = "\"${SRCROOT}/../Pods/Target Support Files/Pods-CocoaPodsTests/Pods-CocoaPodsTests-frameworks.sh\"\n";
			showEnvVarsInLog = 0;
		};
/* End PBXShellScriptBuildPhase section */

/* Begin PBXSourcesBuildPhase section */
		608EDE601D8FA0F100749378 /* Sources */ = {
			isa = PBXSourcesBuildPhase;
			buildActionMask = 2147483647;
			files = (
				6042BD0A1D913B2D0094FE31 /* BaseViewController.m in Sources */,
				6042BD131D913DAB0094FE31 /* FBView.m in Sources */,
				608EDE751D8FA0F100749378 /* CocoaPods.xcdatamodeld in Sources */,
				6042BD091D913B2D0094FE31 /* BaseView.m in Sources */,
				6042BD0F1D913BB20094FE31 /* FBViewController.m in Sources */,
				608EDE6C1D8FA0F100749378 /* AppDelegate.m in Sources */,
				608EDE691D8FA0F100749378 /* main.m in Sources */,
			);
			runOnlyForDeploymentPostprocessing = 0;
		};
		608EDE7C1D8FA0F100749378 /* Sources */ = {
			isa = PBXSourcesBuildPhase;
			buildActionMask = 2147483647;
			files = (
				608EDE851D8FA0F100749378 /* CocoaPodsTests.m in Sources */,
			);
			runOnlyForDeploymentPostprocessing = 0;
		};
		608EDE871D8FA0F100749378 /* Sources */ = {
			isa = PBXSourcesBuildPhase;
			buildActionMask = 2147483647;
			files = (
				608EDE901D8FA0F100749378 /* CocoaPodsUITests.m in Sources */,
			);
			runOnlyForDeploymentPostprocessing = 0;
		};
/* End PBXSourcesBuildPhase section */

/* Begin PBXTargetDependency section */
		608EDE821D8FA0F100749378 /* PBXTargetDependency */ = {
			isa = PBXTargetDependency;
			target = 608EDE631D8FA0F100749378 /* CocoaPods */;
			targetProxy = 608EDE811D8FA0F100749378 /* PBXContainerItemProxy */;
		};
		608EDE8D1D8FA0F100749378 /* PBXTargetDependency */ = {
			isa = PBXTargetDependency;
			target = 608EDE631D8FA0F100749378 /* CocoaPods */;
			targetProxy = 608EDE8C1D8FA0F100749378 /* PBXContainerItemProxy */;
		};
/* End PBXTargetDependency section */

/* Begin XCBuildConfiguration section */
		608EDE921D8FA0F100749378 /* Debug */ = {
			isa = XCBuildConfiguration;
			buildSettings = {
				ALWAYS_SEARCH_USER_PATHS = NO;
				CLANG_ANALYZER_NONNULL = YES;
				CLANG_CXX_LANGUAGE_STANDARD = "gnu++0x";
				CLANG_CXX_LIBRARY = "libc++";
				CLANG_ENABLE_MODULES = YES;
				CLANG_ENABLE_OBJC_ARC = YES;
				CLANG_WARN_BOOL_CONVERSION = YES;
				CLANG_WARN_CONSTANT_CONVERSION = YES;
				CLANG_WARN_DIRECT_OBJC_ISA_USAGE = YES_ERROR;
				CLANG_WARN_EMPTY_BODY = YES;
				CLANG_WARN_ENUM_CONVERSION = YES;
				CLANG_WARN_INT_CONVERSION = YES;
				CLANG_WARN_OBJC_ROOT_CLASS = YES_ERROR;
				CLANG_WARN_UNREACHABLE_CODE = YES;
				CLANG_WARN__DUPLICATE_METHOD_MATCH = YES;
				"CODE_SIGN_IDENTITY[sdk=iphoneos*]" = "iPhone Developer";
				COPY_PHASE_STRIP = NO;
				DEBUG_INFORMATION_FORMAT = dwarf;
				ENABLE_STRICT_OBJC_MSGSEND = YES;
				ENABLE_TESTABILITY = YES;
				FRAMEWORK_SEARCH_PATHS = " ~/Documents/FacebookSDK";
				GCC_C_LANGUAGE_STANDARD = gnu99;
				GCC_DYNAMIC_NO_PIC = NO;
				GCC_NO_COMMON_BLOCKS = YES;
				GCC_OPTIMIZATION_LEVEL = 0;
				GCC_PREPROCESSOR_DEFINITIONS = (
					"DEBUG=1",
					"$(inherited)",
				);
				GCC_WARN_64_TO_32_BIT_CONVERSION = YES;
				GCC_WARN_ABOUT_RETURN_TYPE = YES_ERROR;
				GCC_WARN_UNDECLARED_SELECTOR = YES;
				GCC_WARN_UNINITIALIZED_AUTOS = YES_AGGRESSIVE;
				GCC_WARN_UNUSED_FUNCTION = YES;
				GCC_WARN_UNUSED_VARIABLE = YES;
				IPHONEOS_DEPLOYMENT_TARGET = 9.3;
				MTL_ENABLE_DEBUG_INFO = YES;
				ONLY_ACTIVE_ARCH = YES;
				SDKROOT = iphoneos;
				TARGETED_DEVICE_FAMILY = "1,2";
			};
			name = Debug;
		};
		608EDE931D8FA0F100749378 /* Release */ = {
			isa = XCBuildConfiguration;
			buildSettings = {
				ALWAYS_SEARCH_USER_PATHS = NO;
				CLANG_ANALYZER_NONNULL = YES;
				CLANG_CXX_LANGUAGE_STANDARD = "gnu++0x";
				CLANG_CXX_LIBRARY = "libc++";
				CLANG_ENABLE_MODULES = YES;
				CLANG_ENABLE_OBJC_ARC = YES;
				CLANG_WARN_BOOL_CONVERSION = YES;
				CLANG_WARN_CONSTANT_CONVERSION = YES;
				CLANG_WARN_DIRECT_OBJC_ISA_USAGE = YES_ERROR;
				CLANG_WARN_EMPTY_BODY = YES;
				CLANG_WARN_ENUM_CONVERSION = YES;
				CLANG_WARN_INT_CONVERSION = YES;
				CLANG_WARN_OBJC_ROOT_CLASS = YES_ERROR;
				CLANG_WARN_UNREACHABLE_CODE = YES;
				CLANG_WARN__DUPLICATE_METHOD_MATCH = YES;
				"CODE_SIGN_IDENTITY[sdk=iphoneos*]" = "iPhone Developer";
				COPY_PHASE_STRIP = NO;
				DEBUG_INFORMATION_FORMAT = "dwarf-with-dsym";
				ENABLE_NS_ASSERTIONS = NO;
				ENABLE_STRICT_OBJC_MSGSEND = YES;
				FRAMEWORK_SEARCH_PATHS = " ~/Documents/FacebookSDK";
				GCC_C_LANGUAGE_STANDARD = gnu99;
				GCC_NO_COMMON_BLOCKS = YES;
				GCC_WARN_64_TO_32_BIT_CONVERSION = YES;
				GCC_WARN_ABOUT_RETURN_TYPE = YES_ERROR;
				GCC_WARN_UNDECLARED_SELECTOR = YES;
				GCC_WARN_UNINITIALIZED_AUTOS = YES_AGGRESSIVE;
				GCC_WARN_UNUSED_FUNCTION = YES;
				GCC_WARN_UNUSED_VARIABLE = YES;
				IPHONEOS_DEPLOYMENT_TARGET = 9.3;
				MTL_ENABLE_DEBUG_INFO = NO;
				SDKROOT = iphoneos;
				TARGETED_DEVICE_FAMILY = "1,2";
				VALIDATE_PRODUCT = YES;
			};
			name = Release;
		};
		608EDE951D8FA0F100749378 /* Debug */ = {
			isa = XCBuildConfiguration;
			baseConfigurationReference = 077987B555038895B3005FFA /* Pods-CocoaPods.debug.xcconfig */;
			buildSettings = {
				ASSETCATALOG_COMPILER_APPICON_NAME = AppIcon;
				FRAMEWORK_SEARCH_PATHS = (
					"$(inherited)",
					"$(PROJECT_DIR)",
				);
				INFOPLIST_FILE = CocoaPods/Info.plist;
				LD_RUNPATH_SEARCH_PATHS = "$(inherited) @executable_path/Frameworks";
				PRODUCT_BUNDLE_IDENTIFIER = com.launchlabs.CocoaPods;
				PRODUCT_NAME = "$(TARGET_NAME)";
			};
			name = Debug;
		};
		608EDE961D8FA0F100749378 /* Release */ = {
			isa = XCBuildConfiguration;
			baseConfigurationReference = 71CA3F837C08BFB6997A71EE /* Pods-CocoaPods.release.xcconfig */;
			buildSettings = {
				ASSETCATALOG_COMPILER_APPICON_NAME = AppIcon;
				FRAMEWORK_SEARCH_PATHS = (
					"$(inherited)",
					"$(PROJECT_DIR)",
				);
				INFOPLIST_FILE = CocoaPods/Info.plist;
				LD_RUNPATH_SEARCH_PATHS = "$(inherited) @executable_path/Frameworks";
				PRODUCT_BUNDLE_IDENTIFIER = com.launchlabs.CocoaPods;
				PRODUCT_NAME = "$(TARGET_NAME)";
			};
			name = Release;
		};
		608EDE981D8FA0F100749378 /* Debug */ = {
			isa = XCBuildConfiguration;
			baseConfigurationReference = 56D45892214701CFA4EA654E /* Pods-CocoaPodsTests.debug.xcconfig */;
			buildSettings = {
				BUNDLE_LOADER = "$(TEST_HOST)";
				INFOPLIST_FILE = CocoaPodsTests/Info.plist;
				LD_RUNPATH_SEARCH_PATHS = "$(inherited) @executable_path/Frameworks @loader_path/Frameworks";
				PRODUCT_BUNDLE_IDENTIFIER = com.launchlabs.CocoaPodsTests;
				PRODUCT_NAME = "$(TARGET_NAME)";
				TEST_HOST = "$(BUILT_PRODUCTS_DIR)/CocoaPods.app/CocoaPods";
			};
			name = Debug;
		};
		608EDE991D8FA0F100749378 /* Release */ = {
			isa = XCBuildConfiguration;
			baseConfigurationReference = DA8539FF5379F79A7F14B724 /* Pods-CocoaPodsTests.release.xcconfig */;
			buildSettings = {
				BUNDLE_LOADER = "$(TEST_HOST)";
				INFOPLIST_FILE = CocoaPodsTests/Info.plist;
				LD_RUNPATH_SEARCH_PATHS = "$(inherited) @executable_path/Frameworks @loader_path/Frameworks";
				PRODUCT_BUNDLE_IDENTIFIER = com.launchlabs.CocoaPodsTests;
				PRODUCT_NAME = "$(TARGET_NAME)";
				TEST_HOST = "$(BUILT_PRODUCTS_DIR)/CocoaPods.app/CocoaPods";
			};
			name = Release;
		};
		608EDE9B1D8FA0F100749378 /* Debug */ = {
			isa = XCBuildConfiguration;
			baseConfigurationReference = 997100CD16E4EE6784B34952 /* Pods-CocoaPodsUITests.debug.xcconfig */;
			buildSettings = {
				INFOPLIST_FILE = CocoaPodsUITests/Info.plist;
				LD_RUNPATH_SEARCH_PATHS = "$(inherited) @executable_path/Frameworks @loader_path/Frameworks";
				PRODUCT_BUNDLE_IDENTIFIER = com.launchlabs.CocoaPodsUITests;
				PRODUCT_NAME = "$(TARGET_NAME)";
				TEST_TARGET_NAME = CocoaPods;
			};
			name = Debug;
		};
		608EDE9C1D8FA0F100749378 /* Release */ = {
			isa = XCBuildConfiguration;
			baseConfigurationReference = FA74262F6FC43244397251EF /* Pods-CocoaPodsUITests.release.xcconfig */;
			buildSettings = {
				INFOPLIST_FILE = CocoaPodsUITests/Info.plist;
				LD_RUNPATH_SEARCH_PATHS = "$(inherited) @executable_path/Frameworks @loader_path/Frameworks";
				PRODUCT_BUNDLE_IDENTIFIER = com.launchlabs.CocoaPodsUITests;
				PRODUCT_NAME = "$(TARGET_NAME)";
				TEST_TARGET_NAME = CocoaPods;
			};
			name = Release;
		};
/* End XCBuildConfiguration section */

/* Begin XCConfigurationList section */
		608EDE5F1D8FA0F100749378 /* Build configuration list for PBXProject "cocoapods" */ = {
			isa = XCConfigurationList;
			buildConfigurations = (
				608EDE921D8FA0F100749378 /* Debug */,
				608EDE931D8FA0F100749378 /* Release */,
			);
			defaultConfigurationIsVisible = 0;
			defaultConfigurationName = Release;
		};
		608EDE941D8FA0F100749378 /* Build configuration list for PBXNativeTarget "CocoaPods" */ = {
			isa = XCConfigurationList;
			buildConfigurations = (
				608EDE951D8FA0F100749378 /* Debug */,
				608EDE961D8FA0F100749378 /* Release */,
			);
			defaultConfigurationIsVisible = 0;
			defaultConfigurationName = Release;
		};
		608EDE971D8FA0F100749378 /* Build configuration list for PBXNativeTarget "CocoaPodsTests" */ = {
			isa = XCConfigurationList;
			buildConfigurations = (
				608EDE981D8FA0F100749378 /* Debug */,
				608EDE991D8FA0F100749378 /* Release */,
			);
			defaultConfigurationIsVisible = 0;
			defaultConfigurationName = Release;
		};
		608EDE9A1D8FA0F100749378 /* Build configuration list for PBXNativeTarget "CocoaPodsUITests" */ = {
			isa = XCConfigurationList;
			buildConfigurations = (
				608EDE9B1D8FA0F100749378 /* Debug */,
				608EDE9C1D8FA0F100749378 /* Release */,
			);
			defaultConfigurationIsVisible = 0;
			defaultConfigurationName = Release;
		};
/* End XCConfigurationList section */

/* Begin XCVersionGroup section */
		608EDE731D8FA0F100749378 /* CocoaPods.xcdatamodeld */ = {
			isa = XCVersionGroup;
			children = (
				608EDE741D8FA0F100749378 /* CocoaPods.xcdatamodel */,
			);
			currentVersion = 608EDE741D8FA0F100749378 /* CocoaPods.xcdatamodel */;
			path = CocoaPods.xcdatamodeld;
			sourceTree = "<group>";
			versionGroupType = wrapper.xcdatamodel;
		};
/* End XCVersionGroup section */
	};
	rootObject = 608EDE5C1D8FA0F100749378 /* Project object */;
}
